// !$*UTF8*$!
{
	archiveVersion = 1;
	classes = {
	};
	objectVersion = 55;
	objects = {

/* Begin PBXBuildFile section */
		DD4F8DDF2895BB7000308605 /* MapApp.swift in Sources */ = {isa = PBXBuildFile; fileRef = DD4F8DDE2895BB7000308605 /* MapApp.swift */; };
		DD4F8DE12895BB7000308605 /* ContentView.swift in Sources */ = {isa = PBXBuildFile; fileRef = DD4F8DE02895BB7000308605 /* ContentView.swift */; };
		DD4F8DE62895BB7300308605 /* Preview Assets.xcassets in Resources */ = {isa = PBXBuildFile; fileRef = DD4F8DE52895BB7300308605 /* Preview Assets.xcassets */; };
		DD4F8DF12895BE5500308605 /* Assets.xcassets in Resources */ = {isa = PBXBuildFile; fileRef = DD4F8DF02895BE5500308605 /* Assets.xcassets */; };
		DD4F8DF32895C05000308605 /* Location.swift in Sources */ = {isa = PBXBuildFile; fileRef = DD4F8DF22895C05000308605 /* Location.swift */; };
		DD4F8DF52895C16400308605 /* LocationsDataService.swift in Sources */ = {isa = PBXBuildFile; fileRef = DD4F8DF42895C16400308605 /* LocationsDataService.swift */; };
		DD4F8DF72895C38E00308605 /* LocationsView.swift in Sources */ = {isa = PBXBuildFile; fileRef = DD4F8DF62895C38E00308605 /* LocationsView.swift */; };
		DD4F8DF92895C8F100308605 /* LocationsViewModel.swift in Sources */ = {isa = PBXBuildFile; fileRef = DD4F8DF82895C8F100308605 /* LocationsViewModel.swift */; };
		DD4F8DFB2895DD1900308605 /* LocationsListView.swift in Sources */ = {isa = PBXBuildFile; fileRef = DD4F8DFA2895DD1900308605 /* LocationsListView.swift */; };
		DD4F8DFD289651C000308605 /* LocationsPreviewView.swift in Sources */ = {isa = PBXBuildFile; fileRef = DD4F8DFC289651C000308605 /* LocationsPreviewView.swift */; };
		DD4F8E1E2896E69300308605 /* LocationMapAnnotationView.swift in Sources */ = {isa = PBXBuildFile; fileRef = DD4F8E1D2896E69300308605 /* LocationMapAnnotationView.swift */; };
		DD4F8E202897B7FD00308605 /* LocationDetailView.swift in Sources */ = {isa = PBXBuildFile; fileRef = DD4F8E1F2897B7FD00308605 /* LocationDetailView.swift */; };
/* End PBXBuildFile section */

/* Begin PBXFileReference section */
		DD4F8DDB2895BB7000308605 /* Map-App.app */ = {isa = PBXFileReference; explicitFileType = wrapper.application; includeInIndex = 0; path = "Map-App.app"; sourceTree = BUILT_PRODUCTS_DIR; };
		DD4F8DDE2895BB7000308605 /* MapApp.swift */ = {isa = PBXFileReference; lastKnownFileType = sourcecode.swift; path = MapApp.swift; sourceTree = "<group>"; };
		DD4F8DE02895BB7000308605 /* ContentView.swift */ = {isa = PBXFileReference; lastKnownFileType = sourcecode.swift; path = ContentView.swift; sourceTree = "<group>"; };
		DD4F8DE52895BB7300308605 /* Preview Assets.xcassets */ = {isa = PBXFileReference; lastKnownFileType = folder.assetcatalog; path = "Preview Assets.xcassets"; sourceTree = "<group>"; };
		DD4F8DF02895BE5500308605 /* Assets.xcassets */ = {isa = PBXFileReference; lastKnownFileType = folder.assetcatalog; path = Assets.xcassets; sourceTree = "<group>"; };
		DD4F8DF22895C05000308605 /* Location.swift */ = {isa = PBXFileReference; lastKnownFileType = sourcecode.swift; path = Location.swift; sourceTree = "<group>"; };
		DD4F8DF42895C16400308605 /* LocationsDataService.swift */ = {isa = PBXFileReference; fileEncoding = 4; lastKnownFileType = sourcecode.swift; path = LocationsDataService.swift; sourceTree = "<group>"; };
		DD4F8DF62895C38E00308605 /* LocationsView.swift */ = {isa = PBXFileReference; lastKnownFileType = sourcecode.swift; path = LocationsView.swift; sourceTree = "<group>"; };
		DD4F8DF82895C8F100308605 /* LocationsViewModel.swift */ = {isa = PBXFileReference; lastKnownFileType = sourcecode.swift; path = LocationsViewModel.swift; sourceTree = "<group>"; };
		DD4F8DFA2895DD1900308605 /* LocationsListView.swift */ = {isa = PBXFileReference; lastKnownFileType = sourcecode.swift; path = LocationsListView.swift; sourceTree = "<group>"; };
		DD4F8DFC289651C000308605 /* LocationsPreviewView.swift */ = {isa = PBXFileReference; lastKnownFileType = sourcecode.swift; path = LocationsPreviewView.swift; sourceTree = "<group>"; };
		DD4F8E1D2896E69300308605 /* LocationMapAnnotationView.swift */ = {isa = PBXFileReference; lastKnownFileType = sourcecode.swift; path = LocationMapAnnotationView.swift; sourceTree = "<group>"; };
		DD4F8E1F2897B7FD00308605 /* LocationDetailView.swift */ = {isa = PBXFileReference; lastKnownFileType = sourcecode.swift; path = LocationDetailView.swift; sourceTree = "<group>"; };
		DD4F8E212897D98100308605 /* Info.plist */ = {isa = PBXFileReference; lastKnownFileType = text.plist; path = Info.plist; sourceTree = "<group>"; };
/* End PBXFileReference section */

/* Begin PBXFrameworksBuildPhase section */
		DD4F8DD82895BB7000308605 /* Frameworks */ = {
			isa = PBXFrameworksBuildPhase;
			buildActionMask = 2147483647;
			files = (
			);
			runOnlyForDeploymentPostprocessing = 0;
		};
/* End PBXFrameworksBuildPhase section */

/* Begin PBXGroup section */
		DD4F8DD22895BB7000308605 = {
			isa = PBXGroup;
			children = (
				DD4F8DDD2895BB7000308605 /* Map-App */,
				DD4F8DDC2895BB7000308605 /* Products */,
			);
			sourceTree = "<group>";
		};
		DD4F8DDC2895BB7000308605 /* Products */ = {
			isa = PBXGroup;
			children = (
				DD4F8DDB2895BB7000308605 /* Map-App.app */,
			);
			name = Products;
			sourceTree = "<group>";
		};
		DD4F8DDD2895BB7000308605 /* Map-App */ = {
			isa = PBXGroup;
			children = (
				DD4F8E212897D98100308605 /* Info.plist */,
				DD4F8DEF2895BC3700308605 /* Models */,
				DD4F8DEE2895BC2700308605 /* ViewModels */,
				DD4F8DED2895BC2100308605 /* Views */,
				DD4F8DEC2895BC1700308605 /* DataServices */,
				DD4F8DDE2895BB7000308605 /* MapApp.swift */,
				DD4F8DE02895BB7000308605 /* ContentView.swift */,
				DD4F8DF02895BE5500308605 /* Assets.xcassets */,
				DD4F8DE42895BB7300308605 /* Preview Content */,
			);
			path = "Map-App";
			sourceTree = "<group>";
		};
		DD4F8DE42895BB7300308605 /* Preview Content */ = {
			isa = PBXGroup;
			children = (
				DD4F8DE52895BB7300308605 /* Preview Assets.xcassets */,
			);
			path = "Preview Content";
			sourceTree = "<group>";
		};
		DD4F8DEC2895BC1700308605 /* DataServices */ = {
			isa = PBXGroup;
			children = (
				DD4F8DF42895C16400308605 /* LocationsDataService.swift */,
			);
			path = DataServices;
			sourceTree = "<group>";
		};
		DD4F8DED2895BC2100308605 /* Views */ = {
			isa = PBXGroup;
			children = (
				DD4F8DF62895C38E00308605 /* LocationsView.swift */,
				DD4F8DFC289651C000308605 /* LocationsPreviewView.swift */,
				DD4F8DFA2895DD1900308605 /* LocationsListView.swift */,
				DD4F8E1D2896E69300308605 /* LocationMapAnnotationView.swift */,
				DD4F8E1F2897B7FD00308605 /* LocationDetailView.swift */,
			);
			path = Views;
			sourceTree = "<group>";
		};
		DD4F8DEE2895BC2700308605 /* ViewModels */ = {
			isa = PBXGroup;
			children = (
				DD4F8DF82895C8F100308605 /* LocationsViewModel.swift */,
			);
			path = ViewModels;
			sourceTree = "<group>";
		};
		DD4F8DEF2895BC3700308605 /* Models */ = {
			isa = PBXGroup;
			children = (
				DD4F8DF22895C05000308605 /* Location.swift */,
			);
			path = Models;
			sourceTree = "<group>";
		};
/* End PBXGroup section */

/* Begin PBXNativeTarget section */
		DD4F8DDA2895BB7000308605 /* Map-App */ = {
			isa = PBXNativeTarget;
			buildConfigurationList = DD4F8DE92895BB7300308605 /* Build configuration list for PBXNativeTarget "Map-App" */;
			buildPhases = (
				DD4F8DD72895BB7000308605 /* Sources */,
				DD4F8DD82895BB7000308605 /* Frameworks */,
				DD4F8DD92895BB7000308605 /* Resources */,
			);
			buildRules = (
			);
			dependencies = (
			);
			name = "Map-App";
			productName = "Map-App";
			productReference = DD4F8DDB2895BB7000308605 /* Map-App.app */;
			productType = "com.apple.product-type.application";
		};
/* End PBXNativeTarget section */

/* Begin PBXProject section */
		DD4F8DD32895BB7000308605 /* Project object */ = {
			isa = PBXProject;
			attributes = {
				BuildIndependentTargetsInParallel = 1;
				LastSwiftUpdateCheck = 1340;
				LastUpgradeCheck = 1340;
				TargetAttributes = {
					DD4F8DDA2895BB7000308605 = {
						CreatedOnToolsVersion = 13.4;
					};
				};
			};
			buildConfigurationList = DD4F8DD62895BB7000308605 /* Build configuration list for PBXProject "Map-App" */;
			compatibilityVersion = "Xcode 13.0";
			developmentRegion = en;
			hasScannedForEncodings = 0;
			knownRegions = (
				en,
				Base,
			);
			mainGroup = DD4F8DD22895BB7000308605;
			productRefGroup = DD4F8DDC2895BB7000308605 /* Products */;
			projectDirPath = "";
			projectRoot = "";
			targets = (
				DD4F8DDA2895BB7000308605 /* Map-App */,
			);
		};
/* End PBXProject section */

/* Begin PBXResourcesBuildPhase section */
		DD4F8DD92895BB7000308605 /* Resources */ = {
			isa = PBXResourcesBuildPhase;
			buildActionMask = 2147483647;
			files = (
				DD4F8DF12895BE5500308605 /* Assets.xcassets in Resources */,
				DD4F8DE62895BB7300308605 /* Preview Assets.xcassets in Resources */,
			);
			runOnlyForDeploymentPostprocessing = 0;
		};
/* End PBXResourcesBuildPhase section */

/* Begin PBXSourcesBuildPhase section */
		DD4F8DD72895BB7000308605 /* Sources */ = {
			isa = PBXSourcesBuildPhase;
			buildActionMask = 2147483647;
			files = (
				DD4F8DF52895C16400308605 /* LocationsDataService.swift in Sources */,
				DD4F8E1E2896E69300308605 /* LocationMapAnnotationView.swift in Sources */,
				DD4F8DFB2895DD1900308605 /* LocationsListView.swift in Sources */,
				DD4F8DF92895C8F100308605 /* LocationsViewModel.swift in Sources */,
				DD4F8DE12895BB7000308605 /* ContentView.swift in Sources */,
				DD4F8DF72895C38E00308605 /* LocationsView.swift in Sources */,
				DD4F8DF32895C05000308605 /* Location.swift in Sources */,
				DD4F8DFD289651C000308605 /* LocationsPreviewView.swift in Sources */,
				DD4F8E202897B7FD00308605 /* LocationDetailView.swift in Sources */,
				DD4F8DDF2895BB7000308605 /* MapApp.swift in Sources */,
			);
			runOnlyForDeploymentPostprocessing = 0;
		};
/* End PBXSourcesBuildPhase section */

/* Begin XCBuildConfiguration section */
		DD4F8DE72895BB7300308605 /* Debug */ = {
			isa = XCBuildConfiguration;
			buildSettings = {
				ALWAYS_SEARCH_USER_PATHS = NO;
				CLANG_ANALYZER_NONNULL = YES;
				CLANG_ANALYZER_NUMBER_OBJECT_CONVERSION = YES_AGGRESSIVE;
				CLANG_CXX_LANGUAGE_STANDARD = "gnu++17";
				CLANG_ENABLE_MODULES = YES;
				CLANG_ENABLE_OBJC_ARC = YES;
				CLANG_ENABLE_OBJC_WEAK = YES;
				CLANG_WARN_BLOCK_CAPTURE_AUTORELEASING = YES;
				CLANG_WARN_BOOL_CONVERSION = YES;
				CLANG_WARN_COMMA = YES;
				CLANG_WARN_CONSTANT_CONVERSION = YES;
				CLANG_WARN_DEPRECATED_OBJC_IMPLEMENTATIONS = YES;
				CLANG_WARN_DIRECT_OBJC_ISA_USAGE = YES_ERROR;
				CLANG_WARN_DOCUMENTATION_COMMENTS = YES;
				CLANG_WARN_EMPTY_BODY = YES;
				CLANG_WARN_ENUM_CONVERSION = YES;
				CLANG_WARN_INFINITE_RECURSION = YES;
				CLANG_WARN_INT_CONVERSION = YES;
				CLANG_WARN_NON_LITERAL_NULL_CONVERSION = YES;
				CLANG_WARN_OBJC_IMPLICIT_RETAIN_SELF = YES;
				CLANG_WARN_OBJC_LITERAL_CONVERSION = YES;
				CLANG_WARN_OBJC_ROOT_CLASS = YES_ERROR;
				CLANG_WARN_QUOTED_INCLUDE_IN_FRAMEWORK_HEADER = YES;
				CLANG_WARN_RANGE_LOOP_ANALYSIS = YES;
				CLANG_WARN_STRICT_PROTOTYPES = YES;
				CLANG_WARN_SUSPICIOUS_MOVE = YES;
				CLANG_WARN_UNGUARDED_AVAILABILITY = YES_AGGRESSIVE;
				CLANG_WARN_UNREACHABLE_CODE = YES;
				CLANG_WARN__DUPLICATE_METHOD_MATCH = YES;
				COPY_PHASE_STRIP = NO;
				DEBUG_INFORMATION_FORMAT = dwarf;
				ENABLE_STRICT_OBJC_MSGSEND = YES;
				ENABLE_TESTABILITY = YES;
				GCC_C_LANGUAGE_STANDARD = gnu11;
				GCC_DYNAMIC_NO_PIC = NO;
				GCC_NO_COMMON_BLOCKS = YES;
				GCC_OPTIMIZATION_LEVEL = 0;
				GCC_PREPROCESSOR_DEFINITIONS = (
					"DEBUG=1",
					"$(inherited)",
				);
				GCC_WARN_64_TO_32_BIT_CONVERSION = YES;
				GCC_WARN_ABOUT_RETURN_TYPE = YES_ERROR;
				GCC_WARN_UNDECLARED_SELECTOR = YES;
				GCC_WARN_UNINITIALIZED_AUTOS = YES_AGGRESSIVE;
				GCC_WARN_UNUSED_FUNCTION = YES;
				GCC_WARN_UNUSED_VARIABLE = YES;
				IPHONEOS_DEPLOYMENT_TARGET = 15.5;
				MTL_ENABLE_DEBUG_INFO = INCLUDE_SOURCE;
				MTL_FAST_MATH = YES;
				ONLY_ACTIVE_ARCH = YES;
				SDKROOT = iphoneos;
				SWIFT_ACTIVE_COMPILATION_CONDITIONS = DEBUG;
				SWIFT_OPTIMIZATION_LEVEL = "-Onone";
			};
			name = Debug;
		};
		DD4F8DE82895BB7300308605 /* Release */ = {
			isa = XCBuildConfiguration;
			buildSettings = {
				ALWAYS_SEARCH_USER_PATHS = NO;
				CLANG_ANALYZER_NONNULL = YES;
				CLANG_ANALYZER_NUMBER_OBJECT_CONVERSION = YES_AGGRESSIVE;
				CLANG_CXX_LANGUAGE_STANDARD = "gnu++17";
				CLANG_ENABLE_MODULES = YES;
				CLANG_ENABLE_OBJC_ARC = YES;
				CLANG_ENABLE_OBJC_WEAK = YES;
				CLANG_WARN_BLOCK_CAPTURE_AUTORELEASING = YES;
				CLANG_WARN_BOOL_CONVERSION = YES;
				CLANG_WARN_COMMA = YES;
				CLANG_WARN_CONSTANT_CONVERSION = YES;
				CLANG_WARN_DEPRECATED_OBJC_IMPLEMENTATIONS = YES;
				CLANG_WARN_DIRECT_OBJC_ISA_USAGE = YES_ERROR;
				CLANG_WARN_DOCUMENTATION_COMMENTS = YES;
				CLANG_WARN_EMPTY_BODY = YES;
				CLANG_WARN_ENUM_CONVERSION = YES;
				CLANG_WARN_INFINITE_RECURSION = YES;
				CLANG_WARN_INT_CONVERSION = YES;
				CLANG_WARN_NON_LITERAL_NULL_CONVERSION = YES;
				CLANG_WARN_OBJC_IMPLICIT_RETAIN_SELF = YES;
				CLANG_WARN_OBJC_LITERAL_CONVERSION = YES;
				CLANG_WARN_OBJC_ROOT_CLASS = YES_ERROR;
				CLANG_WARN_QUOTED_INCLUDE_IN_FRAMEWORK_HEADER = YES;
				CLANG_WARN_RANGE_LOOP_ANALYSIS = YES;
				CLANG_WARN_STRICT_PROTOTYPES = YES;
				CLANG_WARN_SUSPICIOUS_MOVE = YES;
				CLANG_WARN_UNGUARDED_AVAILABILITY = YES_AGGRESSIVE;
				CLANG_WARN_UNREACHABLE_CODE = YES;
				CLANG_WARN__DUPLICATE_METHOD_MATCH = YES;
				COPY_PHASE_STRIP = NO;
				DEBUG_INFORMATION_FORMAT = "dwarf-with-dsym";
				ENABLE_NS_ASSERTIONS = NO;
				ENABLE_STRICT_OBJC_MSGSEND = YES;
				GCC_C_LANGUAGE_STANDARD = gnu11;
				GCC_NO_COMMON_BLOCKS = YES;
				GCC_WARN_64_TO_32_BIT_CONVERSION = YES;
				GCC_WARN_ABOUT_RETURN_TYPE = YES_ERROR;
				GCC_WARN_UNDECLARED_SELECTOR = YES;
				GCC_WARN_UNINITIALIZED_AUTOS = YES_AGGRESSIVE;
				GCC_WARN_UNUSED_FUNCTION = YES;
				GCC_WARN_UNUSED_VARIABLE = YES;
				IPHONEOS_DEPLOYMENT_TARGET = 15.5;
				MTL_ENABLE_DEBUG_INFO = NO;
				MTL_FAST_MATH = YES;
				SDKROOT = iphoneos;
				SWIFT_COMPILATION_MODE = wholemodule;
				SWIFT_OPTIMIZATION_LEVEL = "-O";
				VALIDATE_PRODUCT = YES;
			};
			name = Release;
		};
		DD4F8DEA2895BB7300308605 /* Debug */ = {
			isa = XCBuildConfiguration;
			buildSettings = {
				ASSETCATALOG_COMPILER_APPICON_NAME = AppIcon;
				ASSETCATALOG_COMPILER_GLOBAL_ACCENT_COLOR_NAME = AccentColor;
				CODE_SIGN_STYLE = Automatic;
				CURRENT_PROJECT_VERSION = 1;
				DEVELOPMENT_ASSET_PATHS = "\"Map-App/Preview Content\"";
				DEVELOPMENT_TEAM = 23U86K98CU;
				ENABLE_PREVIEWS = YES;
				GENERATE_INFOPLIST_FILE = YES;
				INFOPLIST_FILE = "Map-App/Info.plist";
				INFOPLIST_KEY_UIApplicationSceneManifest_Generation = YES;
				INFOPLIST_KEY_UIApplicationSupportsIndirectInputEvents = YES;
				INFOPLIST_KEY_UISupportedInterfaceOrientations = UIInterfaceOrientationPortrait;
				INFOPLIST_KEY_UISupportedInterfaceOrientations_iPad = "UIInterfaceOrientationPortrait UIInterfaceOrientationPortraitUpsideDown UIInterfaceOrientationLandscapeLeft UIInterfaceOrientationLandscapeRight";
				INFOPLIST_KEY_UISupportedInterfaceOrientations_iPhone = UIInterfaceOrientationPortrait;
				LD_RUNPATH_SEARCH_PATHS = (
					"$(inherited)",
					"@executable_path/Frameworks",
				);
				MARKETING_VERSION = 1.0;
				PRODUCT_BUNDLE_IDENTIFIER = "com.zelihauslu.Map-App";
				PRODUCT_NAME = "$(TARGET_NAME)";
				SWIFT_EMIT_LOC_STRINGS = YES;
				SWIFT_VERSION = 5.0;
				TARGETED_DEVICE_FAMILY = "1,2";
			};
			name = Debug;
		};
		DD4F8DEB2895BB7300308605 /* Release */ = {
			isa = XCBuildConfiguration;
			buildSettings = {
				ASSETCATALOG_COMPILER_APPICON_NAME = AppIcon;
				ASSETCATALOG_COMPILER_GLOBAL_ACCENT_COLOR_NAME = AccentColor;
				CODE_SIGN_STYLE = Automatic;
				CURRENT_PROJECT_VERSION = 1;
				DEVELOPMENT_ASSET_PATHS = "\"Map-App/Preview Content\"";
				DEVELOPMENT_TEAM = 23U86K98CU;
				ENABLE_PREVIEWS = YES;
				GENERATE_INFOPLIST_FILE = YES;
				INFOPLIST_FILE = "Map-App/Info.plist";
				INFOPLIST_KEY_UIApplicationSceneManifest_Generation = YES;
				INFOPLIST_KEY_UIApplicationSupportsIndirectInputEvents = YES;
				INFOPLIST_KEY_UISupportedInterfaceOrientations = UIInterfaceOrientationPortrait;
				INFOPLIST_KEY_UISupportedInterfaceOrientations_iPad = "UIInterfaceOrientationPortrait UIInterfaceOrientationPortraitUpsideDown UIInterfaceOrientationLandscapeLeft UIInterfaceOrientationLandscapeRight";
				INFOPLIST_KEY_UISupportedInterfaceOrientations_iPhone = UIInterfaceOrientationPortrait;
				LD_RUNPATH_SEARCH_PATHS = (
					"$(inherited)",
					"@executable_path/Frameworks",
				);
				MARKETING_VERSION = 1.0;
				PRODUCT_BUNDLE_IDENTIFIER = "com.zelihauslu.Map-App";
				PRODUCT_NAME = "$(TARGET_NAME)";
				SWIFT_EMIT_LOC_STRINGS = YES;
				SWIFT_VERSION = 5.0;
				TARGETED_DEVICE_FAMILY = "1,2";
			};
			name = Release;
		};
/* End XCBuildConfiguration section */

/* Begin XCConfigurationList section */
		DD4F8DD62895BB7000308605 /* Build configuration list for PBXProject "Map-App" */ = {
			isa = XCConfigurationList;
			buildConfigurations = (
				DD4F8DE72895BB7300308605 /* Debug */,
				DD4F8DE82895BB7300308605 /* Release */,
			);
			defaultConfigurationIsVisible = 0;
			defaultConfigurationName = Release;
		};
		DD4F8DE92895BB7300308605 /* Build configuration list for PBXNativeTarget "Map-App" */ = {
			isa = XCConfigurationList;
			buildConfigurations = (
				DD4F8DEA2895BB7300308605 /* Debug */,
				DD4F8DEB2895BB7300308605 /* Release */,
			);
			defaultConfigurationIsVisible = 0;
			defaultConfigurationName = Release;
		};
/* End XCConfigurationList section */
	};
	rootObject = DD4F8DD32895BB7000308605 /* Project object */;
}
